github.com/aws/aws-sdk-go-v2 v1.20.2 h1:0Aok9u/HVTk7RtY6M1KDcthbaMKGhhS0eLPxIdSIzRI=
github.com/aws/aws-sdk-go-v2 v1.20.2/go.mod h1:NU06lETsFm8fUC6ZjhgDpVBcGZTFQ6XM+LZWZxMI4ac=
github.com/aws/aws-sdk-go-v2/config v1.18.34 h1:bFf7CtSgwz/vE4tl0cNbWbf6EDQ2TZR5VrsrO9ardoY=
github.com/aws/aws-sdk-go-v2/config v1.18.34/go.mod h1:uJ/keVhwR8vsSaErMu2Vb3dArUZZKLVTcOsKXIFfvjs=
github.com/aws/aws-sdk-go-v2/credentials v1.13.33 h1:esA1X5Eti1xSGCF0W0LYpHH/r6p+MqT0DiKXsfDEPxs=
github.com/aws/aws-sdk-go-v2/credentials v1.13.33/go.mod h1:jNC10ZEYuLlt9IOowix60yNiO6vGA14RVK3oUfX5KgI=
github.com/aws/aws-sdk-go-v2/feature/ec2/imds v1.13.9 h1:DnNHcClgyFV5suHJ4axqhmG3YeRGgIu6yv29IEWR9aE=
github.com/aws/aws-sdk-go-v2/feature/ec2/imds v1.13.9/go.mod h1:kz0hzQXlc/5Y5mkbwTKX8A+aTRA45t8Aavly60bQzAQ=
github.com/aws/aws-sdk-go-v2/internal/configsources v1.1.39 h1:OBokd2jreL7ItwqRRcN5QiSt24/i2r742aRsd2qMyeg=
github.com/aws/aws-sdk-go-v2/internal/configsources v1.1.39/go.mod h1:OLmjwglQh90dCcFJDGD+T44G0ToLH+696kRwRhS1KOU=
github.com/aws/aws-sdk-go-v2/internal/endpoints/v2 v2.4.33 h1:gcRN6PXAo8w3HYFp2wFyr+WYEP4n/a25/IOhzJl36Yw=
github.com/aws/aws-sdk-go-v2/internal/endpoints/v2 v2.4.33/go.mod h1:S/zgOphghZAIvrbtvsVycoOncfqh1Hc4uGDIHqDLwTU=
github.com/aws/aws-sdk-go-v2/internal/ini v1.3.40 h1:glWaI8WyeYqQN4zh4zqogzSpNPj8rf11Nj+oE3ghQPw=
github.com/aws/aws-sdk-go-v2/internal/ini v1.3.40/go.mod h1:OCnFHzgaBY2PuGiHSzLlfqV4j5rJrky7YMfBXcx2Uk0=
github.com/aws/aws-sdk-go-v2/service/iam v1.22.3 h1:B3t5eHnhiu7VRAE+B4INObzGfDcq4P+1/XNJ+hc5gcA=
github.com/aws/aws-sdk-go-v2/service/iam v1.22.3/go.mod h1:thN1IEfW+n2U3dMWLuUtKkPOs80B3GqRqYfIffLgcbs=
github.com/aws/aws-sdk-go-v2/service/internal/presigned-url v1.9.33 h1:cr70Hw6Lq9cqRst1y4YOHLiaVWaWtBPiqdloinNkfis=
github.com/aws/aws-sdk-go-v2/service/internal/presigned-url v1.9.33/go.mod h1:kcNtzCcEoflp+6e2CDTmm2h3xQGZOBZqYA/8DhYx/S8=
github.com/aws/aws-sdk-go-v2/service/sso v1.13.3 h1:nceOkYE0jmaG9CoyXHJJm00FAQ8JE+/LCKJJ06hH/Nc=
github.com/aws/aws-sdk-go-v2/service/sso v1.13.3/go.mod h1:DApEBnZzexe+LDLaNrGOJA8xtRMCpikLW1gX7jZhHxc=
github.com/aws/aws-sdk-go-v2/service/ssooidc v1.15.3 h1:90qW9puxI7LgmiYKSPhx6wz4XqgVauTxCyS3185+JpA=
github.com/aws/aws-sdk-go-v2/service/ssooidc v1.15.3/go.mod h1:kKpyLjToIS7E3z0672lBhxIPD+uoQ9V0MYRYCVGIkO0=
github.com/aws/aws-sdk-go-v2/service/sts v1.21.3 h1:s3wBkMxfA/u2EJJl6KRsPcWv858lDHkhinqXyN6fkZI=
github.com/aws/aws-sdk-go-v2/service/sts v1.21.3/go.mod h1:b+y9zL57mwCRy6ftp9Nc7CONGHX3sZ50ZCLTrI5xpCc=
github.com/aws/smithy-go v1.14.1 h1:EFKMUmH/iHMqLiwoEDx2rRjRQpI1YCn5jTysoaDujFs=
github.com/aws/smithy-go v1.14.1/go.mod h1:Tg+OJXh4MB2R/uN61Ko2f6hTZwB/ZYGOtib8J3gBHzA=
github.com/davecgh/go-spew v1.1.0/go.mod h1:J7Y8YcW2NihsgmVo/mv3lAwl/skON4iLHjSsI+c5H38=
github.com/davecgh/go-spew v1.1.1 h1:vj9j/u1bqnvCEfJOwUhtlOARqs3+rkHYY13jYWTU97c=
github.com/davecgh/go-spew v1.1.1/go.mod h1:J7Y8YcW2NihsgmVo/mv3lAwl/skON4iLHjSsI+c5H38=
github.com/fatih/color v1.13.0/go.mod h1:kLAiJbzzSOZDVNGyDpeOxJ47H46qBXwg5ILebYFFOfk=
github.com/fatih/color v1.15.0 h1:kOqh6YHBtK8aywxGerMG2Eq3H6Qgoqeo13Bk2Mv/nBs=
github.com/fatih/color v1.15.0/go.mod h1:0h5ZqXfHYED7Bhv2ZJamyIOUej9KtShiJESRwBDUSsw=
github.com/google/go-cmp v0.5.8/go.mod h1:17dUlkBOakJ0+DkrSSNjCkIjxS6bF9zb3elmeNGIjoY=
github.com/google/go-cmp v0.5.9 h1:O2Tfq5qg4qc4AmwVlvv0oLiVAGB7enBSJ2x2DqQFi38=
github.com/google/go-cmp v0.5.9/go.mod h1:17dUlkBOakJ0+DkrSSNjCkIjxS6bF9zb3elmeNGIjoY=
github.com/hashicorp/errwrap v1.0.0/go.mod h1:YH+1FKiLXxHSkmPseP+kNlulaMuP3n2brvKWEqk/Jc4=
github.com/hashicorp/errwrap v1.1.0 h1:OxrOeh75EUXMY8TBjag2fzXGZ40LB6IKw45YeGUDY2I=
github.com/hashicorp/errwrap v1.1.0/go.mod h1:YH+1FKiLXxHSkmPseP+kNlulaMuP3n2brvKWEqk/Jc4=
github.com/hashicorp/go-hclog v1.5.0 h1:bI2ocEMgcVlz55Oj1xZNBsVi900c7II+fWDyV9o+13c=
github.com/hashicorp/go-hclog v1.5.0/go.mod h1:W4Qnvbt70Wk/zYJryRzDRU/4r0kIg0PVHBcfoyhpF5M=
github.com/hashicorp/go-multierror v1.1.1 h1:H5DkEtf6CXdFp0N0Em5UCwQpXMWke8IA0+lD48awMYo=
github.com/hashicorp/go-multierror v1.1.1/go.mod h1:iw975J/qwKPdAO1clOe2L8331t/9/fmwbPZ6JB6eMoM=
github.com/hashicorp/terraform-plugin-log v0.9.0 h1:i7hOA+vdAItN1/7UrfBqBwvYPQ9TFvymaRGZED3FCV0=
github.com/hashicorp/terraform-plugin-log v0.9.0/go.mod h1:rKL8egZQ/eXSyDqzLUuwUYLVdlYeamldAHSxjUFADow=
github.com/jmespath/go-jmespath v0.4.0/go.mod h1:T8mJZnbsbmF+m6zOOFylbeCJqk5+pHWvzYPziyZiYoo=
github.com/jmespath/go-jmespath/internal/testify v1.5.1/go.mod h1:L3OGu8Wl2/fWfCI6z80xFu9LTZmf1ZRjMHUOPmWr69U=
github.com/mattn/go-colorable v0.1.9/go.mod h1:u6P/XSegPjTcexA+o6vUJrdnUu04hMope9wVRipJSqc=
github.com/mattn/go-colorable v0.1.12/go.mod h1:u5H1YNBxpqRaxsYJYSkiCWKzEfiAb1Gb520KVy5xxl4=
github.com/mattn/go-colorable v0.1.13 h1:fFA4WZxdEF4tXPZVKMLwD8oUnCTTo08duU7wxecdEvA=
github.com/mattn/go-colorable v0.1.13/go.mod h1:7S9/ev0klgBDR4GtXTXX8a3vIGJpMovkB8vQcUbaXHg=
github.com/mattn/go-isatty v0.0.12/go.mod h1:cbi8OIDigv2wuxKPP5vlRcQ1OAZbq2CE4Kysco4FUpU=
github.com/mattn/go-isatty v0.0.14/go.mod h1:7GGIvUiUoEMVVmxf/4nioHXj79iQHKdU27kJ6hsGG94=
github.com/mattn/go-isatty v0.0.16/go.mod h1:kYGgaQfpe5nmfYZH+SKPsOc2e4SrIfOl2e/yFXSvRLM=
github.com/mattn/go-isatty v0.0.17 h1:BTarxUcIeDqL27Mc+vyvdWYSL28zpIhv3RoTdsLMPng=
github.com/mattn/go-isatty v0.0.17/go.mod h1:kYGgaQfpe5nmfYZH+SKPsOc2e4SrIfOl2e/yFXSvRLM=
github.com/mitchellh/go-homedir v1.1.0 h1:lukF9ziXFxDFPkA1vsr5zpc1XuPDn/wFntq5mG+4E0Y=
github.com/mitchellh/go-homedir v1.1.0/go.mod h1:SfyaCUpYCn1Vlf4IUYiD9fPX4A5wJrkLzIz1N1q0pr0=
github.com/mitchellh/go-testing-interface v1.14.1 h1:jrgshOhYAUVNMAJiKbEu7EqAwgJJ2JqpQmpLJOu07cU=
github.com/mitchellh/go-testing-interface v1.14.1/go.mod h1:gfgS7OtZj6MA4U1UrDRp04twqAjfvlZyCfX3sDjEym8=
github.com/pmezard/go-difflib v1.0.0 h1:4DBwDE0NGyQoBHbLQYPwSUPoCMWR5BEzIk/f1lZbAQM=
github.com/pmezard/go-difflib v1.0.0/go.mod h1:iKH77koFhYxTK1pcRnkKkqfTogsbg7gZNVY4sRDYZ/4=
github.com/stretchr/objx v0.1.0/go.mod h1:HFkY916IF+rwdDfMAkV7OtwuqBVzrE8GR6GFx+wExME=
github.com/stretchr/testify v1.7.2/go.mod h1:R6va5+xMeoiuVRoj+gSkQ7d3FALtqAAGI1FQKckRals=
github.com/stretchr/testify v1.8.4 h1:CcVxjf3Q8PM0mHUKJCdn+eZZtm5yQwehR5yeSVQQcUk=
github.com/stretchr/testify v1.8.4/go.mod h1:sz/lmYIOXD/1dqDmKjjqLyZ2RngseejIcXlSw2iwfAo=
go.opentelemetry.io/otel v1.16.0 h1:Z7GVAX/UkAXPKsy94IU+i6thsQS4nb7LviLpnaNeW8s=
go.opentelemetry.io/otel v1.16.0/go.mod h1:vl0h9NUa1D5s1nv3A5vZOYWn8av4K8Ml6JDeHrT/bx4=
go.opentelemetry.io/otel/trace v1.16.0 h1:8JRpaObFoW0pxuVPapkgH8UhHQj+bJW8jJsCZEu5MQs=
go.opentelemetry.io/otel/trace v1.16.0/go.mod h1:Yt9vYq1SdNz3xdjZZK7wcXv1qv2pwLkqr2QVwea0ef0=
golang.org/x/exp v0.0.0-20230510235704-dd950f8aeaea h1:vLCWI/yYrdEHyN2JzIzPO3aaQJHQdp89IZBA/+azVC4=
golang.org/x/exp v0.0.0-20230510235704-dd950f8aeaea/go.mod h1:V1LtkGg67GoY2N1AnLN78QLrzxkLyJw7RJb1gzOOz9w=
golang.org/x/sys v0.0.0-20200116001909-b77594299b42/go.mod h1:h1NjWce9XRLGQEsW7wpKNCjG9DtNlClVuFLEZdDNbEs=
golang.org/x/sys v0.0.0-20200223170610-d5e6a3e2c0ae/go.mod h1:h1NjWce9XRLGQEsW7wpKNCjG9DtNlClVuFLEZdDNbEs=
golang.org/x/sys v0.0.0-20210630005230-0f9fa26af87c/go.mod h1:oPkhp1MJrh7nUepCBck5+mAzfO9JrbApNNgaTdGDITg=
golang.org/x/sys v0.0.0-20210927094055-39ccf1dd6fa6/go.mod h1:oPkhp1MJrh7nUepCBck5+mAzfO9JrbApNNgaTdGDITg=
golang.org/x/sys v0.0.0-20220503163025-988cb79eb6c6/go.mod h1:oPkhp1MJrh7nUepCBck5+mAzfO9JrbApNNgaTdGDITg=
golang.org/x/sys v0.0.0-20220811171246-fbc7d0a398ab/go.mod h1:oPkhp1MJrh7nUepCBck5+mAzfO9JrbApNNgaTdGDITg=
golang.org/x/sys v0.8.0 h1:EBmGv8NaZBZTWvrbjNoL6HVt+IVy3QDQpJs7VRIw3tU=
golang.org/x/sys v0.8.0/go.mod h1:oPkhp1MJrh7nUepCBck5+mAzfO9JrbApNNgaTdGDITg=
gopkg.in/check.v1 v0.0.0-20161208181325-20d25e280405/go.mod h1:Co6ibVJAznAaIkqp8huTwlJQCZ016jof/cbN4VW5Yz0=
gopkg.in/yaml.v2 v2.2.8/go.mod h1:hI93XBmqTisBFMUTm0b8Fm+jr3Dg1NNxqwp+5A1VGuI=
gopkg.in/yaml.v3 v3.0.1 h1:fxVm/GzAzEWqLHuvctI91KS9hhNmmWOoWu0XTYJS7CA=
gopkg.in/yaml.v3 v3.0.1/go.mod h1:K4uyk7z7BCEPqu6E+C64Yfv1cQ7kz7rIZviUmN+EgEM=
